dependencies:
  espressif/cmake_utilities:
    component_hash: 351350613ceafba240b761b4ea991e0f231ac7a9f59a9ee901f751bddc0bb18f
    source:
      service_url: https://api.components.espressif.com/
      type: service
    version: 0.5.3
  espressif/esp_io_expander:
    component_hash: fbc0de4082fc7c207dc98a93a0ed83d1a929a4ecee83cc567afb406f3ee6d4a6
    source:
      service_url: https://api.components.espressif.com/
      type: service
    version: 1.0.1
  espressif/esp_lcd_panel_io_additions:
    component_hash: 213d5c4a3c322a48c9f993d6bc2372206d34af95db34e87a3e02601bdcad7ce8
    source:
      service_url: https://api.components.espressif.com/
      type: service
    version: 1.0.1
  espressif/esp_lcd_st7701:
    component_hash: a1a56fb9e3b43b89e2a0e73e4e0f332daf38f7fff9228223670fe9243cdd48a1
    source:
      service_url: https://api.components.espressif.com/
      type: service
    version: 1.1.0
  espressif/esp_lcd_touch:
    component_hash: 779b4ba2464a3ae85681e4b860caa5fdc35801458c23f3039ee761bae7f442a4
    source:
      service_url: https://api.components.espressif.com/
      type: service
    version: 1.1.2
  espressif/esp_lcd_touch_gt911:
    component_hash: f90c3f82f052d1ccdfd71895a062f396ccc1c90ec69d8a99c483180387230bac
    source:
      service_url: https://api.components.espressif.com/
      type: service
    version: 1.1.1~1
  espressif/esp_lvgl_port:
    component_hash: 8bcec6b1144750343ce7e411a7a1057a75a6348d3edc137bd5792ccba7f6c270
    source:
      service_url: https://api.components.espressif.com/
      type: service
    version: 2.3.2
  idf:
    component_hash: null
    source:
      type: idf
    version: 5.3.0
  lvgl/lvgl:
    component_hash: 2409fdc84e9766d2a18afd84b051aef3f838348136cdb1c10ac2e8bcdb012bf6
    source:
      service_url: https://api.components.espressif.com/
      type: service
    version: 9.2.0
manifest_hash: f68d4a1d905695a98be6eb51a9ca3bbe8c4097825392950a7345ded3ce48cd3f
target: esp32s3
version: 1.0.0
